
Microsoft Visual Studio Solution File, Format Version 12.00
# Visual Studio Version 16
VisualStudioVersion = 16.0.31005.135
MinimumVisualStudioVersion = 10.0.40219.1
Project("{FAE04EC0-301F-11D3-BF4B-00C04F79EFBC}") = "Task_2_1_1", "Task_2_1_1\Task_2_1_1.csproj", "{F408B310-219B-4CA8-90AC-E5297265CB98}"
EndProject
Project("{FAE04EC0-301F-11D3-BF4B-00C04F79EFBC}") = "Task_2_1_2", "Task_2_1_2\Task_2_1_2.csproj", "{9E9AEC20-5CE8-4FE7-9F35-D65139C9F5F5}"
EndProject
Global
	GlobalSection(SolutionConfigurationPlatforms) = preSolution
		Debug|Any CPU = Debug|Any CPU
		Release|Any CPU = Release|Any CPU
	EndGlobalSection
	GlobalSection(ProjectConfigurationPlatforms) = postSolution
		{F408B310-219B-4CA8-90AC-E5297265CB98}.Debug|Any CPU.ActiveCfg = Debug|Any CPU
		{F408B310-219B-4CA8-90AC-E5297265CB98}.Debug|Any CPU.Build.0 = Debug|Any CPU
		{F408B310-219B-4CA8-90AC-E5297265CB98}.Release|Any CPU.ActiveCfg = Release|Any CPU
		{F408B310-219B-4CA8-90AC-E5297265CB98}.Release|Any CPU.Build.0 = Release|Any CPU
		{9E9AEC20-5CE8-4FE7-9F35-D65139C9F5F5}.Debug|Any CPU.ActiveCfg = Debug|Any CPU
		{9E9AEC20-5CE8-4FE7-9F35-D65139C9F5F5}.Debug|Any CPU.Build.0 = Debug|Any CPU
		{9E9AEC20-5CE8-4FE7-9F35-D65139C9F5F5}.Release|Any CPU.ActiveCfg = Release|Any CPU
		{9E9AEC20-5CE8-4FE7-9F35-D65139C9F5F5}.Release|Any CPU.Build.0 = Release|Any CPU
	EndGlobalSection
	GlobalSection(SolutionProperties) = preSolution
		HideSolutionNode = FALSE
	EndGlobalSection
	GlobalSection(ExtensibilityGlobals) = postSolution
		SolutionGuid = {2550144E-1DB3-41D8-9E88-46315749F0A7}
	EndGlobalSection
EndGlobal
