
Microsoft Visual Studio Solution File, Format Version 12.00
# Visual Studio Version 16
VisualStudioVersion = 16.0.31005.135
MinimumVisualStudioVersion = 10.0.40219.1
Project("{FAE04EC0-301F-11D3-BF4B-00C04F79EFBC}") = "Task_3_1_1", "Task_3_1_1\Task_3_1_1.csproj", "{1F7652B2-F29A-4E82-A8A9-372012F43803}"
EndProject
Global
	GlobalSection(SolutionConfigurationPlatforms) = preSolution
		Debug|Any CPU = Debug|Any CPU
		Release|Any CPU = Release|Any CPU
	EndGlobalSection
	GlobalSection(ProjectConfigurationPlatforms) = postSolution
		{1F7652B2-F29A-4E82-A8A9-372012F43803}.Debug|Any CPU.ActiveCfg = Debug|Any CPU
		{1F7652B2-F29A-4E82-A8A9-372012F43803}.Debug|Any CPU.Build.0 = Debug|Any CPU
		{1F7652B2-F29A-4E82-A8A9-372012F43803}.Release|Any CPU.ActiveCfg = Release|Any CPU
		{1F7652B2-F29A-4E82-A8A9-372012F43803}.Release|Any CPU.Build.0 = Release|Any CPU
	EndGlobalSection
	GlobalSection(SolutionProperties) = preSolution
		HideSolutionNode = FALSE
	EndGlobalSection
	GlobalSection(ExtensibilityGlobals) = postSolution
		SolutionGuid = {3DCECBF3-82FE-4E3A-A41A-E8B510E93EBF}
	EndGlobalSection
EndGlobal
