
Microsoft Visual Studio Solution File, Format Version 12.00
# Visual Studio Version 16
VisualStudioVersion = 16.0.31005.135
MinimumVisualStudioVersion = 10.0.40219.1
Project("{FAE04EC0-301F-11D3-BF4B-00C04F79EFBC}") = "Task_1.2.2", "Task_1.2.2\Task_1.2.2.csproj", "{81D21EA1-BFE2-4C1A-9CBB-5E4FA9B5C951}"
EndProject
Project("{FAE04EC0-301F-11D3-BF4B-00C04F79EFBC}") = "Task_1.2.3", "Task_1.2.3\Task_1.2.3.csproj", "{CAA9F27C-F320-4A01-9A7A-48A25E944C40}"
EndProject
Project("{FAE04EC0-301F-11D3-BF4B-00C04F79EFBC}") = "Task_1.2.4", "Task_1.2.4\Task_1.2.4.csproj", "{860DD258-D2F9-4EF3-B855-118D526D1515}"
EndProject
Project("{FAE04EC0-301F-11D3-BF4B-00C04F79EFBC}") = "Task_1.2.1", "Task_1.2.1\Task_1.2.1.csproj", "{F671CBF9-1F86-4630-8925-AA74444398D5}"
EndProject
Global
	GlobalSection(SolutionConfigurationPlatforms) = preSolution
		Debug|Any CPU = Debug|Any CPU
		Release|Any CPU = Release|Any CPU
	EndGlobalSection
	GlobalSection(ProjectConfigurationPlatforms) = postSolution
		{81D21EA1-BFE2-4C1A-9CBB-5E4FA9B5C951}.Debug|Any CPU.ActiveCfg = Debug|Any CPU
		{81D21EA1-BFE2-4C1A-9CBB-5E4FA9B5C951}.Debug|Any CPU.Build.0 = Debug|Any CPU
		{81D21EA1-BFE2-4C1A-9CBB-5E4FA9B5C951}.Release|Any CPU.ActiveCfg = Release|Any CPU
		{81D21EA1-BFE2-4C1A-9CBB-5E4FA9B5C951}.Release|Any CPU.Build.0 = Release|Any CPU
		{CAA9F27C-F320-4A01-9A7A-48A25E944C40}.Debug|Any CPU.ActiveCfg = Debug|Any CPU
		{CAA9F27C-F320-4A01-9A7A-48A25E944C40}.Debug|Any CPU.Build.0 = Debug|Any CPU
		{CAA9F27C-F320-4A01-9A7A-48A25E944C40}.Release|Any CPU.ActiveCfg = Release|Any CPU
		{CAA9F27C-F320-4A01-9A7A-48A25E944C40}.Release|Any CPU.Build.0 = Release|Any CPU
		{860DD258-D2F9-4EF3-B855-118D526D1515}.Debug|Any CPU.ActiveCfg = Debug|Any CPU
		{860DD258-D2F9-4EF3-B855-118D526D1515}.Debug|Any CPU.Build.0 = Debug|Any CPU
		{860DD258-D2F9-4EF3-B855-118D526D1515}.Release|Any CPU.ActiveCfg = Release|Any CPU
		{860DD258-D2F9-4EF3-B855-118D526D1515}.Release|Any CPU.Build.0 = Release|Any CPU
		{F671CBF9-1F86-4630-8925-AA74444398D5}.Debug|Any CPU.ActiveCfg = Debug|Any CPU
		{F671CBF9-1F86-4630-8925-AA74444398D5}.Debug|Any CPU.Build.0 = Debug|Any CPU
		{F671CBF9-1F86-4630-8925-AA74444398D5}.Release|Any CPU.ActiveCfg = Release|Any CPU
		{F671CBF9-1F86-4630-8925-AA74444398D5}.Release|Any CPU.Build.0 = Release|Any CPU
	EndGlobalSection
	GlobalSection(SolutionProperties) = preSolution
		HideSolutionNode = FALSE
	EndGlobalSection
	GlobalSection(ExtensibilityGlobals) = postSolution
		SolutionGuid = {DFBF3E4B-183A-4B94-B9E2-EBF0CC5FAEDE}
	EndGlobalSection
EndGlobal
